// !$*UTF8*$!
{
	archiveVersion = 1;
	classes = {
	};
	objectVersion = 56;
	objects = {

/* Begin PBXBuildFile section */
		F56663F328ACEE530064C600 /* Home.swift in Sources */ = {isa = PBXBuildFile; fileRef = F56663F228ACEE530064C600 /* Home.swift */; };
		F5C9A76C28ACE362001F74F4 /* TouchAnimationiOS16App.swift in Sources */ = {isa = PBXBuildFile; fileRef = F5C9A76B28ACE362001F74F4 /* TouchAnimationiOS16App.swift */; };
		F5C9A76E28ACE362001F74F4 /* ContentView.swift in Sources */ = {isa = PBXBuildFile; fileRef = F5C9A76D28ACE362001F74F4 /* ContentView.swift */; };
		F5C9A77028ACE366001F74F4 /* Assets.xcassets in Resources */ = {isa = PBXBuildFile; fileRef = F5C9A76F28ACE366001F74F4 /* Assets.xcassets */; };
		F5C9A77328ACE366001F74F4 /* Preview Assets.xcassets in Resources */ = {isa = PBXBuildFile; fileRef = F5C9A77228ACE366001F74F4 /* Preview Assets.xcassets */; };
		F5C9A77D28ACE367001F74F4 /* TouchAnimationiOS16Tests.swift in Sources */ = {isa = PBXBuildFile; fileRef = F5C9A77C28ACE367001F74F4 /* TouchAnimationiOS16Tests.swift */; };
		F5C9A78728ACE367001F74F4 /* TouchAnimationiOS16UITests.swift in Sources */ = {isa = PBXBuildFile; fileRef = F5C9A78628ACE367001F74F4 /* TouchAnimationiOS16UITests.swift */; };
		F5C9A78928ACE367001F74F4 /* TouchAnimationiOS16UITestsLaunchTests.swift in Sources */ = {isa = PBXBuildFile; fileRef = F5C9A78828ACE367001F74F4 /* TouchAnimationiOS16UITestsLaunchTests.swift */; };
/* End PBXBuildFile section */

/* Begin PBXContainerItemProxy section */
		F5C9A77928ACE366001F74F4 /* PBXContainerItemProxy */ = {
			isa = PBXContainerItemProxy;
			containerPortal = F5C9A76028ACE362001F74F4 /* Project object */;
			proxyType = 1;
			remoteGlobalIDString = F5C9A76728ACE362001F74F4;
			remoteInfo = TouchAnimationiOS16;
		};
		F5C9A78328ACE367001F74F4 /* PBXContainerItemProxy */ = {
			isa = PBXContainerItemProxy;
			containerPortal = F5C9A76028ACE362001F74F4 /* Project object */;
			proxyType = 1;
			remoteGlobalIDString = F5C9A76728ACE362001F74F4;
			remoteInfo = TouchAnimationiOS16;
		};
/* End PBXContainerItemProxy section */

/* Begin PBXFileReference section */
		F56663F228ACEE530064C600 /* Home.swift */ = {isa = PBXFileReference; lastKnownFileType = sourcecode.swift; path = Home.swift; sourceTree = "<group>"; };
		F5C9A76828ACE362001F74F4 /* TouchAnimationiOS16.app */ = {isa = PBXFileReference; explicitFileType = wrapper.application; includeInIndex = 0; path = TouchAnimationiOS16.app; sourceTree = BUILT_PRODUCTS_DIR; };
		F5C9A76B28ACE362001F74F4 /* TouchAnimationiOS16App.swift */ = {isa = PBXFileReference; lastKnownFileType = sourcecode.swift; path = TouchAnimationiOS16App.swift; sourceTree = "<group>"; };
		F5C9A76D28ACE362001F74F4 /* ContentView.swift */ = {isa = PBXFileReference; lastKnownFileType = sourcecode.swift; path = ContentView.swift; sourceTree = "<group>"; };
		F5C9A76F28ACE366001F74F4 /* Assets.xcassets */ = {isa = PBXFileReference; lastKnownFileType = folder.assetcatalog; path = Assets.xcassets; sourceTree = "<group>"; };
		F5C9A77228ACE366001F74F4 /* Preview Assets.xcassets */ = {isa = PBXFileReference; lastKnownFileType = folder.assetcatalog; path = "Preview Assets.xcassets"; sourceTree = "<group>"; };
		F5C9A77828ACE366001F74F4 /* TouchAnimationiOS16Tests.xctest */ = {isa = PBXFileReference; explicitFileType = wrapper.cfbundle; includeInIndex = 0; path = TouchAnimationiOS16Tests.xctest; sourceTree = BUILT_PRODUCTS_DIR; };
		F5C9A77C28ACE367001F74F4 /* TouchAnimationiOS16Tests.swift */ = {isa = PBXFileReference; lastKnownFileType = sourcecode.swift; path = TouchAnimationiOS16Tests.swift; sourceTree = "<group>"; };
		F5C9A78228ACE367001F74F4 /* TouchAnimationiOS16UITests.xctest */ = {isa = PBXFileReference; explicitFileType = wrapper.cfbundle; includeInIndex = 0; path = TouchAnimationiOS16UITests.xctest; sourceTree = BUILT_PRODUCTS_DIR; };
		F5C9A78628ACE367001F74F4 /* TouchAnimationiOS16UITests.swift */ = {isa = PBXFileReference; lastKnownFileType = sourcecode.swift; path = TouchAnimationiOS16UITests.swift; sourceTree = "<group>"; };
		F5C9A78828ACE367001F74F4 /* TouchAnimationiOS16UITestsLaunchTests.swift */ = {isa = PBXFileReference; lastKnownFileType = sourcecode.swift; path = TouchAnimationiOS16UITestsLaunchTests.swift; sourceTree = "<group>"; };
/* End PBXFileReference section */

/* Begin PBXFrameworksBuildPhase section */
		F5C9A76528ACE362001F74F4 /* Frameworks */ = {
			isa = PBXFrameworksBuildPhase;
			buildActionMask = 2147483647;
			files = (
			);
			runOnlyForDeploymentPostprocessing = 0;
		};
		F5C9A77528ACE366001F74F4 /* Frameworks */ = {
			isa = PBXFrameworksBuildPhase;
			buildActionMask = 2147483647;
			files = (
			);
			runOnlyForDeploymentPostprocessing = 0;
		};
		F5C9A77F28ACE367001F74F4 /* Frameworks */ = {
			isa = PBXFrameworksBuildPhase;
			buildActionMask = 2147483647;
			files = (
			);
			runOnlyForDeploymentPostprocessing = 0;
		};
/* End PBXFrameworksBuildPhase section */

/* Begin PBXGroup section */
		F5C9A75F28ACE362001F74F4 = {
			isa = PBXGroup;
			children = (
				F5C9A76A28ACE362001F74F4 /* TouchAnimationiOS16 */,
				F5C9A77B28ACE366001F74F4 /* TouchAnimationiOS16Tests */,
				F5C9A78528ACE367001F74F4 /* TouchAnimationiOS16UITests */,
				F5C9A76928ACE362001F74F4 /* Products */,
			);
			sourceTree = "<group>";
		};
		F5C9A76928ACE362001F74F4 /* Products */ = {
			isa = PBXGroup;
			children = (
				F5C9A76828ACE362001F74F4 /* TouchAnimationiOS16.app */,
				F5C9A77828ACE366001F74F4 /* TouchAnimationiOS16Tests.xctest */,
				F5C9A78228ACE367001F74F4 /* TouchAnimationiOS16UITests.xctest */,
			);
			name = Products;
			sourceTree = "<group>";
		};
		F5C9A76A28ACE362001F74F4 /* TouchAnimationiOS16 */ = {
			isa = PBXGroup;
			children = (
				F5C9A76B28ACE362001F74F4 /* TouchAnimationiOS16App.swift */,
				F5C9A76D28ACE362001F74F4 /* ContentView.swift */,
				F56663F228ACEE530064C600 /* Home.swift */,
				F5C9A76F28ACE366001F74F4 /* Assets.xcassets */,
				F5C9A77128ACE366001F74F4 /* Preview Content */,
			);
			path = TouchAnimationiOS16;
			sourceTree = "<group>";
		};
		F5C9A77128ACE366001F74F4 /* Preview Content */ = {
			isa = PBXGroup;
			children = (
				F5C9A77228ACE366001F74F4 /* Preview Assets.xcassets */,
			);
			path = "Preview Content";
			sourceTree = "<group>";
		};
		F5C9A77B28ACE366001F74F4 /* TouchAnimationiOS16Tests */ = {
			isa = PBXGroup;
			children = (
				F5C9A77C28ACE367001F74F4 /* TouchAnimationiOS16Tests.swift */,
			);
			path = TouchAnimationiOS16Tests;
			sourceTree = "<group>";
		};
		F5C9A78528ACE367001F74F4 /* TouchAnimationiOS16UITests */ = {
			isa = PBXGroup;
			children = (
				F5C9A78628ACE367001F74F4 /* TouchAnimationiOS16UITests.swift */,
				F5C9A78828ACE367001F74F4 /* TouchAnimationiOS16UITestsLaunchTests.swift */,
			);
			path = TouchAnimationiOS16UITests;
			sourceTree = "<group>";
		};
/* End PBXGroup section */

/* Begin PBXNativeTarget section */
		F5C9A76728ACE362001F74F4 /* TouchAnimationiOS16 */ = {
			isa = PBXNativeTarget;
			buildConfigurationList = F5C9A78C28ACE367001F74F4 /* Build configuration list for PBXNativeTarget "TouchAnimationiOS16" */;
			buildPhases = (
				F5C9A76428ACE362001F74F4 /* Sources */,
				F5C9A76528ACE362001F74F4 /* Frameworks */,
				F5C9A76628ACE362001F74F4 /* Resources */,
			);
			buildRules = (
			);
			dependencies = (
			);
			name = TouchAnimationiOS16;
			productName = TouchAnimationiOS16;
			productReference = F5C9A76828ACE362001F74F4 /* TouchAnimationiOS16.app */;
			productType = "com.apple.product-type.application";
		};
		F5C9A77728ACE366001F74F4 /* TouchAnimationiOS16Tests */ = {
			isa = PBXNativeTarget;
			buildConfigurationList = F5C9A78F28ACE367001F74F4 /* Build configuration list for PBXNativeTarget "TouchAnimationiOS16Tests" */;
			buildPhases = (
				F5C9A77428ACE366001F74F4 /* Sources */,
				F5C9A77528ACE366001F74F4 /* Frameworks */,
				F5C9A77628ACE366001F74F4 /* Resources */,
			);
			buildRules = (
			);
			dependencies = (
				F5C9A77A28ACE366001F74F4 /* PBXTargetDependency */,
			);
			name = TouchAnimationiOS16Tests;
			productName = TouchAnimationiOS16Tests;
			productReference = F5C9A77828ACE366001F74F4 /* TouchAnimationiOS16Tests.xctest */;
			productType = "com.apple.product-type.bundle.unit-test";
		};
		F5C9A78128ACE367001F74F4 /* TouchAnimationiOS16UITests */ = {
			isa = PBXNativeTarget;
			buildConfigurationList = F5C9A79228ACE367001F74F4 /* Build configuration list for PBXNativeTarget "TouchAnimationiOS16UITests" */;
			buildPhases = (
				F5C9A77E28ACE367001F74F4 /* Sources */,
				F5C9A77F28ACE367001F74F4 /* Frameworks */,
				F5C9A78028ACE367001F74F4 /* Resources */,
			);
			buildRules = (
			);
			dependencies = (
				F5C9A78428ACE367001F74F4 /* PBXTargetDependency */,
			);
			name = TouchAnimationiOS16UITests;
			productName = TouchAnimationiOS16UITests;
			productReference = F5C9A78228ACE367001F74F4 /* TouchAnimationiOS16UITests.xctest */;
			productType = "com.apple.product-type.bundle.ui-testing";
		};
/* End PBXNativeTarget section */

/* Begin PBXProject section */
		F5C9A76028ACE362001F74F4 /* Project object */ = {
			isa = PBXProject;
			attributes = {
				BuildIndependentTargetsInParallel = 1;
				LastSwiftUpdateCheck = 1400;
				LastUpgradeCheck = 1400;
				TargetAttributes = {
					F5C9A76728ACE362001F74F4 = {
						CreatedOnToolsVersion = 14.0;
					};
					F5C9A77728ACE366001F74F4 = {
						CreatedOnToolsVersion = 14.0;
						TestTargetID = F5C9A76728ACE362001F74F4;
					};
					F5C9A78128ACE367001F74F4 = {
						CreatedOnToolsVersion = 14.0;
						TestTargetID = F5C9A76728ACE362001F74F4;
					};
				};
			};
			buildConfigurationList = F5C9A76328ACE362001F74F4 /* Build configuration list for PBXProject "TouchAnimationiOS16" */;
			compatibilityVersion = "Xcode 14.0";
			developmentRegion = en;
			hasScannedForEncodings = 0;
			knownRegions = (
				en,
				Base,
			);
			mainGroup = F5C9A75F28ACE362001F74F4;
			productRefGroup = F5C9A76928ACE362001F74F4 /* Products */;
			projectDirPath = "";
			projectRoot = "";
			targets = (
				F5C9A76728ACE362001F74F4 /* TouchAnimationiOS16 */,
				F5C9A77728ACE366001F74F4 /* TouchAnimationiOS16Tests */,
				F5C9A78128ACE367001F74F4 /* TouchAnimationiOS16UITests */,
			);
		};
/* End PBXProject section */

/* Begin PBXResourcesBuildPhase section */
		F5C9A76628ACE362001F74F4 /* Resources */ = {
			isa = PBXResourcesBuildPhase;
			buildActionMask = 2147483647;
			files = (
				F5C9A77328ACE366001F74F4 /* Preview Assets.xcassets in Resources */,
				F5C9A77028ACE366001F74F4 /* Assets.xcassets in Resources */,
			);
			runOnlyForDeploymentPostprocessing = 0;
		};
		F5C9A77628ACE366001F74F4 /* Resources */ = {
			isa = PBXResourcesBuildPhase;
			buildActionMask = 2147483647;
			files = (
			);
			runOnlyForDeploymentPostprocessing = 0;
		};
		F5C9A78028ACE367001F74F4 /* Resources */ = {
			isa = PBXResourcesBuildPhase;
			buildActionMask = 2147483647;
			files = (
			);
			runOnlyForDeploymentPostprocessing = 0;
		};
/* End PBXResourcesBuildPhase section */

/* Begin PBXSourcesBuildPhase section */
		F5C9A76428ACE362001F74F4 /* Sources */ = {
			isa = PBXSourcesBuildPhase;
			buildActionMask = 2147483647;
			files = (
				F5C9A76E28ACE362001F74F4 /* ContentView.swift in Sources */,
				F56663F328ACEE530064C600 /* Home.swift in Sources */,
				F5C9A76C28ACE362001F74F4 /* TouchAnimationiOS16App.swift in Sources */,
			);
			runOnlyForDeploymentPostprocessing = 0;
		};
		F5C9A77428ACE366001F74F4 /* Sources */ = {
			isa = PBXSourcesBuildPhase;
			buildActionMask = 2147483647;
			files = (
				F5C9A77D28ACE367001F74F4 /* TouchAnimationiOS16Tests.swift in Sources */,
			);
			runOnlyForDeploymentPostprocessing = 0;
		};
		F5C9A77E28ACE367001F74F4 /* Sources */ = {
			isa = PBXSourcesBuildPhase;
			buildActionMask = 2147483647;
			files = (
				F5C9A78928ACE367001F74F4 /* TouchAnimationiOS16UITestsLaunchTests.swift in Sources */,
				F5C9A78728ACE367001F74F4 /* TouchAnimationiOS16UITests.swift in Sources */,
			);
			runOnlyForDeploymentPostprocessing = 0;
		};
/* End PBXSourcesBuildPhase section */

/* Begin PBXTargetDependency section */
		F5C9A77A28ACE366001F74F4 /* PBXTargetDependency */ = {
			isa = PBXTargetDependency;
			target = F5C9A76728ACE362001F74F4 /* TouchAnimationiOS16 */;
			targetProxy = F5C9A77928ACE366001F74F4 /* PBXContainerItemProxy */;
		};
		F5C9A78428ACE367001F74F4 /* PBXTargetDependency */ = {
			isa = PBXTargetDependency;
			target = F5C9A76728ACE362001F74F4 /* TouchAnimationiOS16 */;
			targetProxy = F5C9A78328ACE367001F74F4 /* PBXContainerItemProxy */;
		};
/* End PBXTargetDependency section */

/* Begin XCBuildConfiguration section */
		F5C9A78A28ACE367001F74F4 /* Debug */ = {
			isa = XCBuildConfiguration;
			buildSettings = {
				ALWAYS_SEARCH_USER_PATHS = NO;
				CLANG_ANALYZER_NONNULL = YES;
				CLANG_ANALYZER_NUMBER_OBJECT_CONVERSION = YES_AGGRESSIVE;
				CLANG_CXX_LANGUAGE_STANDARD = "gnu++20";
				CLANG_ENABLE_MODULES = YES;
				CLANG_ENABLE_OBJC_ARC = YES;
				CLANG_ENABLE_OBJC_WEAK = YES;
				CLANG_WARN_BLOCK_CAPTURE_AUTORELEASING = YES;
				CLANG_WARN_BOOL_CONVERSION = YES;
				CLANG_WARN_COMMA = YES;
				CLANG_WARN_CONSTANT_CONVERSION = YES;
				CLANG_WARN_DEPRECATED_OBJC_IMPLEMENTATIONS = YES;
				CLANG_WARN_DIRECT_OBJC_ISA_USAGE = YES_ERROR;
				CLANG_WARN_DOCUMENTATION_COMMENTS = YES;
				CLANG_WARN_EMPTY_BODY = YES;
				CLANG_WARN_ENUM_CONVERSION = YES;
				CLANG_WARN_INFINITE_RECURSION = YES;
				CLANG_WARN_INT_CONVERSION = YES;
				CLANG_WARN_NON_LITERAL_NULL_CONVERSION = YES;
				CLANG_WARN_OBJC_IMPLICIT_RETAIN_SELF = YES;
				CLANG_WARN_OBJC_LITERAL_CONVERSION = YES;
				CLANG_WARN_OBJC_ROOT_CLASS = YES_ERROR;
				CLANG_WARN_QUOTED_INCLUDE_IN_FRAMEWORK_HEADER = YES;
				CLANG_WARN_RANGE_LOOP_ANALYSIS = YES;
				CLANG_WARN_STRICT_PROTOTYPES = YES;
				CLANG_WARN_SUSPICIOUS_MOVE = YES;
				CLANG_WARN_UNGUARDED_AVAILABILITY = YES_AGGRESSIVE;
				CLANG_WARN_UNREACHABLE_CODE = YES;
				CLANG_WARN__DUPLICATE_METHOD_MATCH = YES;
				COPY_PHASE_STRIP = NO;
				DEBUG_INFORMATION_FORMAT = dwarf;
				ENABLE_STRICT_OBJC_MSGSEND = YES;
				ENABLE_TESTABILITY = YES;
				GCC_C_LANGUAGE_STANDARD = gnu11;
				GCC_DYNAMIC_NO_PIC = NO;
				GCC_NO_COMMON_BLOCKS = YES;
				GCC_OPTIMIZATION_LEVEL = 0;
				GCC_PREPROCESSOR_DEFINITIONS = (
					"DEBUG=1",
					"$(inherited)",
				);
				GCC_WARN_64_TO_32_BIT_CONVERSION = YES;
				GCC_WARN_ABOUT_RETURN_TYPE = YES_ERROR;
				GCC_WARN_UNDECLARED_SELECTOR = YES;
				GCC_WARN_UNINITIALIZED_AUTOS = YES_AGGRESSIVE;
				GCC_WARN_UNUSED_FUNCTION = YES;
				GCC_WARN_UNUSED_VARIABLE = YES;
				IPHONEOS_DEPLOYMENT_TARGET = 16.0;
				MTL_ENABLE_DEBUG_INFO = INCLUDE_SOURCE;
				MTL_FAST_MATH = YES;
				ONLY_ACTIVE_ARCH = YES;
				SDKROOT = iphoneos;
				SWIFT_ACTIVE_COMPILATION_CONDITIONS = DEBUG;
				SWIFT_OPTIMIZATION_LEVEL = "-Onone";
			};
			name = Debug;
		};
		F5C9A78B28ACE367001F74F4 /* Release */ = {
			isa = XCBuildConfiguration;
			buildSettings = {
				ALWAYS_SEARCH_USER_PATHS = NO;
				CLANG_ANALYZER_NONNULL = YES;
				CLANG_ANALYZER_NUMBER_OBJECT_CONVERSION = YES_AGGRESSIVE;
				CLANG_CXX_LANGUAGE_STANDARD = "gnu++20";
				CLANG_ENABLE_MODULES = YES;
				CLANG_ENABLE_OBJC_ARC = YES;
				CLANG_ENABLE_OBJC_WEAK = YES;
				CLANG_WARN_BLOCK_CAPTURE_AUTORELEASING = YES;
				CLANG_WARN_BOOL_CONVERSION = YES;
				CLANG_WARN_COMMA = YES;
				CLANG_WARN_CONSTANT_CONVERSION = YES;
				CLANG_WARN_DEPRECATED_OBJC_IMPLEMENTATIONS = YES;
				CLANG_WARN_DIRECT_OBJC_ISA_USAGE = YES_ERROR;
				CLANG_WARN_DOCUMENTATION_COMMENTS = YES;
				CLANG_WARN_EMPTY_BODY = YES;
				CLANG_WARN_ENUM_CONVERSION = YES;
				CLANG_WARN_INFINITE_RECURSION = YES;
				CLANG_WARN_INT_CONVERSION = YES;
				CLANG_WARN_NON_LITERAL_NULL_CONVERSION = YES;
				CLANG_WARN_OBJC_IMPLICIT_RETAIN_SELF = YES;
				CLANG_WARN_OBJC_LITERAL_CONVERSION = YES;
				CLANG_WARN_OBJC_ROOT_CLASS = YES_ERROR;
				CLANG_WARN_QUOTED_INCLUDE_IN_FRAMEWORK_HEADER = YES;
				CLANG_WARN_RANGE_LOOP_ANALYSIS = YES;
				CLANG_WARN_STRICT_PROTOTYPES = YES;
				CLANG_WARN_SUSPICIOUS_MOVE = YES;
				CLANG_WARN_UNGUARDED_AVAILABILITY = YES_AGGRESSIVE;
				CLANG_WARN_UNREACHABLE_CODE = YES;
				CLANG_WARN__DUPLICATE_METHOD_MATCH = YES;
				COPY_PHASE_STRIP = NO;
				DEBUG_INFORMATION_FORMAT = "dwarf-with-dsym";
				ENABLE_NS_ASSERTIONS = NO;
				ENABLE_STRICT_OBJC_MSGSEND = YES;
				GCC_C_LANGUAGE_STANDARD = gnu11;
				GCC_NO_COMMON_BLOCKS = YES;
				GCC_WARN_64_TO_32_BIT_CONVERSION = YES;
				GCC_WARN_ABOUT_RETURN_TYPE = YES_ERROR;
				GCC_WARN_UNDECLARED_SELECTOR = YES;
				GCC_WARN_UNINITIALIZED_AUTOS = YES_AGGRESSIVE;
				GCC_WARN_UNUSED_FUNCTION = YES;
				GCC_WARN_UNUSED_VARIABLE = YES;
				IPHONEOS_DEPLOYMENT_TARGET = 16.0;
				MTL_ENABLE_DEBUG_INFO = NO;
				MTL_FAST_MATH = YES;
				SDKROOT = iphoneos;
				SWIFT_COMPILATION_MODE = wholemodule;
				SWIFT_OPTIMIZATION_LEVEL = "-O";
				VALIDATE_PRODUCT = YES;
			};
			name = Release;
		};
		F5C9A78D28ACE367001F74F4 /* Debug */ = {
			isa = XCBuildConfiguration;
			buildSettings = {
				ASSETCATALOG_COMPILER_APPICON_NAME = AppIcon;
				ASSETCATALOG_COMPILER_GLOBAL_ACCENT_COLOR_NAME = AccentColor;
				CODE_SIGN_STYLE = Automatic;
				CURRENT_PROJECT_VERSION = 1;
				DEVELOPMENT_ASSET_PATHS = "\"TouchAnimationiOS16/Preview Content\"";
				DEVELOPMENT_TEAM = 942H6V444Y;
				ENABLE_PREVIEWS = YES;
				GENERATE_INFOPLIST_FILE = YES;
				INFOPLIST_KEY_UIApplicationSceneManifest_Generation = YES;
				INFOPLIST_KEY_UIApplicationSupportsIndirectInputEvents = YES;
				INFOPLIST_KEY_UILaunchScreen_Generation = YES;
				INFOPLIST_KEY_UISupportedInterfaceOrientations_iPad = "UIInterfaceOrientationPortrait UIInterfaceOrientationPortraitUpsideDown UIInterfaceOrientationLandscapeLeft UIInterfaceOrientationLandscapeRight";
				INFOPLIST_KEY_UISupportedInterfaceOrientations_iPhone = "UIInterfaceOrientationPortrait UIInterfaceOrientationLandscapeLeft UIInterfaceOrientationLandscapeRight";
				IPHONEOS_DEPLOYMENT_TARGET = 16.0;
				LD_RUNPATH_SEARCH_PATHS = (
					"$(inherited)",
					"@executable_path/Frameworks",
				);
				MARKETING_VERSION = 1.0;
				PRODUCT_BUNDLE_IDENTIFIER = com.ddong.TouchAnimationiOS16;
				PRODUCT_NAME = "$(TARGET_NAME)";
				SWIFT_EMIT_LOC_STRINGS = YES;
				SWIFT_VERSION = 5.0;
				TARGETED_DEVICE_FAMILY = "1,2";
			};
			name = Debug;
		};
		F5C9A78E28ACE367001F74F4 /* Release */ = {
			isa = XCBuildConfiguration;
			buildSettings = {
				ASSETCATALOG_COMPILER_APPICON_NAME = AppIcon;
				ASSETCATALOG_COMPILER_GLOBAL_ACCENT_COLOR_NAME = AccentColor;
				CODE_SIGN_STYLE = Automatic;
				CURRENT_PROJECT_VERSION = 1;
				DEVELOPMENT_ASSET_PATHS = "\"TouchAnimationiOS16/Preview Content\"";
				DEVELOPMENT_TEAM = 942H6V444Y;
				ENABLE_PREVIEWS = YES;
				GENERATE_INFOPLIST_FILE = YES;
				INFOPLIST_KEY_UIApplicationSceneManifest_Generation = YES;
				INFOPLIST_KEY_UIApplicationSupportsIndirectInputEvents = YES;
				INFOPLIST_KEY_UILaunchScreen_Generation = YES;
				INFOPLIST_KEY_UISupportedInterfaceOrientations_iPad = "UIInterfaceOrientationPortrait UIInterfaceOrientationPortraitUpsideDown UIInterfaceOrientationLandscapeLeft UIInterfaceOrientationLandscapeRight";
				INFOPLIST_KEY_UISupportedInterfaceOrientations_iPhone = "UIInterfaceOrientationPortrait UIInterfaceOrientationLandscapeLeft UIInterfaceOrientationLandscapeRight";
				IPHONEOS_DEPLOYMENT_TARGET = 16.0;
				LD_RUNPATH_SEARCH_PATHS = (
					"$(inherited)",
					"@executable_path/Frameworks",
				);
				MARKETING_VERSION = 1.0;
				PRODUCT_BUNDLE_IDENTIFIER = com.ddong.TouchAnimationiOS16;
				PRODUCT_NAME = "$(TARGET_NAME)";
				SWIFT_EMIT_LOC_STRINGS = YES;
				SWIFT_VERSION = 5.0;
				TARGETED_DEVICE_FAMILY = "1,2";
			};
			name = Release;
		};
		F5C9A79028ACE367001F74F4 /* Debug */ = {
			isa = XCBuildConfiguration;
			buildSettings = {
				ALWAYS_EMBED_SWIFT_STANDARD_LIBRARIES = YES;
				BUNDLE_LOADER = "$(TEST_HOST)";
				CODE_SIGN_STYLE = Automatic;
				CURRENT_PROJECT_VERSION = 1;
				DEVELOPMENT_TEAM = 942H6V444Y;
				GENERATE_INFOPLIST_FILE = YES;
				IPHONEOS_DEPLOYMENT_TARGET = 16.0;
				MARKETING_VERSION = 1.0;
				PRODUCT_BUNDLE_IDENTIFIER = com.ddong.TouchAnimationiOS16Tests;
				PRODUCT_NAME = "$(TARGET_NAME)";
				SWIFT_EMIT_LOC_STRINGS = NO;
				SWIFT_VERSION = 5.0;
				TARGETED_DEVICE_FAMILY = "1,2";
				TEST_HOST = "$(BUILT_PRODUCTS_DIR)/TouchAnimationiOS16.app/$(BUNDLE_EXECUTABLE_FOLDER_PATH)/TouchAnimationiOS16";
			};
			name = Debug;
		};
		F5C9A79128ACE367001F74F4 /* Release */ = {
			isa = XCBuildConfiguration;
			buildSettings = {
				ALWAYS_EMBED_SWIFT_STANDARD_LIBRARIES = YES;
				BUNDLE_LOADER = "$(TEST_HOST)";
				CODE_SIGN_STYLE = Automatic;
				CURRENT_PROJECT_VERSION = 1;
				DEVELOPMENT_TEAM = 942H6V444Y;
				GENERATE_INFOPLIST_FILE = YES;
				IPHONEOS_DEPLOYMENT_TARGET = 16.0;
				MARKETING_VERSION = 1.0;
				PRODUCT_BUNDLE_IDENTIFIER = com.ddong.TouchAnimationiOS16Tests;
				PRODUCT_NAME = "$(TARGET_NAME)";
				SWIFT_EMIT_LOC_STRINGS = NO;
				SWIFT_VERSION = 5.0;
				TARGETED_DEVICE_FAMILY = "1,2";
				TEST_HOST = "$(BUILT_PRODUCTS_DIR)/TouchAnimationiOS16.app/$(BUNDLE_EXECUTABLE_FOLDER_PATH)/TouchAnimationiOS16";
			};
			name = Release;
		};
		F5C9A79328ACE367001F74F4 /* Debug */ = {
			isa = XCBuildConfiguration;
			buildSettings = {
				ALWAYS_EMBED_SWIFT_STANDARD_LIBRARIES = YES;
				CODE_SIGN_STYLE = Automatic;
				CURRENT_PROJECT_VERSION = 1;
				DEVELOPMENT_TEAM = 942H6V444Y;
				GENERATE_INFOPLIST_FILE = YES;
				MARKETING_VERSION = 1.0;
				PRODUCT_BUNDLE_IDENTIFIER = com.ddong.TouchAnimationiOS16UITests;
				PRODUCT_NAME = "$(TARGET_NAME)";
				SWIFT_EMIT_LOC_STRINGS = NO;
				SWIFT_VERSION = 5.0;
				TARGETED_DEVICE_FAMILY = "1,2";
				TEST_TARGET_NAME = TouchAnimationiOS16;
			};
			name = Debug;
		};
		F5C9A79428ACE367001F74F4 /* Release */ = {
			isa = XCBuildConfiguration;
			buildSettings = {
				ALWAYS_EMBED_SWIFT_STANDARD_LIBRARIES = YES;
				CODE_SIGN_STYLE = Automatic;
				CURRENT_PROJECT_VERSION = 1;
				DEVELOPMENT_TEAM = 942H6V444Y;
				GENERATE_INFOPLIST_FILE = YES;
				MARKETING_VERSION = 1.0;
				PRODUCT_BUNDLE_IDENTIFIER = com.ddong.TouchAnimationiOS16UITests;
				PRODUCT_NAME = "$(TARGET_NAME)";
				SWIFT_EMIT_LOC_STRINGS = NO;
				SWIFT_VERSION = 5.0;
				TARGETED_DEVICE_FAMILY = "1,2";
				TEST_TARGET_NAME = TouchAnimationiOS16;
			};
			name = Release;
		};
/* End XCBuildConfiguration section */

/* Begin XCConfigurationList section */
		F5C9A76328ACE362001F74F4 /* Build configuration list for PBXProject "TouchAnimationiOS16" */ = {
			isa = XCConfigurationList;
			buildConfigurations = (
				F5C9A78A28ACE367001F74F4 /* Debug */,
				F5C9A78B28ACE367001F74F4 /* Release */,
			);
			defaultConfigurationIsVisible = 0;
			defaultConfigurationName = Release;
		};
		F5C9A78C28ACE367001F74F4 /* Build configuration list for PBXNativeTarget "TouchAnimationiOS16" */ = {
			isa = XCConfigurationList;
			buildConfigurations = (
				F5C9A78D28ACE367001F74F4 /* Debug */,
				F5C9A78E28ACE367001F74F4 /* Release */,
			);
			defaultConfigurationIsVisible = 0;
			defaultConfigurationName = Release;
		};
		F5C9A78F28ACE367001F74F4 /* Build configuration list for PBXNativeTarget "TouchAnimationiOS16Tests" */ = {
			isa = XCConfigurationList;
			buildConfigurations = (
				F5C9A79028ACE367001F74F4 /* Debug */,
				F5C9A79128ACE367001F74F4 /* Release */,
			);
			defaultConfigurationIsVisible = 0;
			defaultConfigurationName = Release;
		};
		F5C9A79228ACE367001F74F4 /* Build configuration list for PBXNativeTarget "TouchAnimationiOS16UITests" */ = {
			isa = XCConfigurationList;
			buildConfigurations = (
				F5C9A79328ACE367001F74F4 /* Debug */,
				F5C9A79428ACE367001F74F4 /* Release */,
			);
			defaultConfigurationIsVisible = 0;
			defaultConfigurationName = Release;
		};
/* End XCConfigurationList section */
	};
	rootObject = F5C9A76028ACE362001F74F4 /* Project object */;
}
